<?xml version="1.0" encoding="utf-8"?>
<Project ToolsVersion="4.0" xmlns="http://schemas.microsoft.com/developer/msbuild/2003">
  <ItemGroup>
    <Filter Include="common">
      <UniqueIdentifier>{2e7662a9-5f2e-4ae9-9785-5088c15df516}</UniqueIdentifier>
    </Filter>
    <Filter Include="include">
      <UniqueIdentifier>{72094977-9bfb-46fd-af5b-577bf46aec7b}</UniqueIdentifier>
    </Filter>
  </ItemGroup>
  <ItemGroup>
    <ClInclude Include="..\common\com_datastruct.h">
      <Filter>common</Filter>
    </ClInclude>
    <ClInclude Include="..\include\JZ52_FindFirstCommonNode.h">
      <Filter>include</Filter>
    </ClInclude>
    <ClInclude Include="..\include\JZ09_CQueue.h">
      <Filter>include</Filter>
    </ClInclude>
  </ItemGroup>
</Project>